
Microsoft Visual Studio Solution File, Format Version 12.00
# Visual Studio Version 17
VisualStudioVersion = 17.12.35707.178
MinimumVisualStudioVersion = 10.0.40219.1
Project("{FAE04EC0-301F-11D3-BF4B-00C04F79EFBC}") = "C# and Project", "C# and Project\C# and Project.csproj", "{483EB66F-8579-4214-BF3B-59F3586F6517}"
EndProject
Global
	GlobalSection(SolutionConfigurationPlatforms) = preSolution
		Debug|Any CPU = Debug|Any CPU
		Release|Any CPU = Release|Any CPU
	EndGlobalSection
	GlobalSection(ProjectConfigurationPlatforms) = postSolution
		{483EB66F-8579-4214-BF3B-59F3586F6517}.Debug|Any CPU.ActiveCfg = Debug|Any CPU
		{483EB66F-8579-4214-BF3B-59F3586F6517}.Debug|Any CPU.Build.0 = Debug|Any CPU
		{483EB66F-8579-4214-BF3B-59F3586F6517}.Release|Any CPU.ActiveCfg = Release|Any CPU
		{483EB66F-8579-4214-BF3B-59F3586F6517}.Release|Any CPU.Build.0 = Release|Any CPU
	EndGlobalSection
	GlobalSection(SolutionProperties) = preSolution
		HideSolutionNode = FALSE
	EndGlobalSection
EndGlobal
